
Microsoft Visual Studio Solution File, Format Version 12.00
# Visual Studio Version 17
VisualStudioVersion = 17.4.33213.308
MinimumVisualStudioVersion = 10.0.40219.1
Project("{9A19103F-16F7-4668-BE54-9A1E7A4F7556}") = "EDDNList", "EDDNList.csproj", "{A5A602D5-5E9E-4F73-BC70-7A2DA50B1A17}"
EndProject
Global
	GlobalSection(SolutionConfigurationPlatforms) = preSolution
		Debug|Any CPU = Debug|Any CPU
		Release|Any CPU = Release|Any CPU
	EndGlobalSection
	GlobalSection(ProjectConfigurationPlatforms) = postSolution
		{A5A602D5-5E9E-4F73-BC70-7A2DA50B1A17}.Debug|Any CPU.ActiveCfg = Debug|Any CPU
		{A5A602D5-5E9E-4F73-BC70-7A2DA50B1A17}.Debug|Any CPU.Build.0 = Debug|Any CPU
		{A5A602D5-5E9E-4F73-BC70-7A2DA50B1A17}.Release|Any CPU.ActiveCfg = Release|Any CPU
		{A5A602D5-5E9E-4F73-BC70-7A2DA50B1A17}.Release|Any CPU.Build.0 = Release|Any CPU
	EndGlobalSection
	GlobalSection(SolutionProperties) = preSolution
		HideSolutionNode = FALSE
	EndGlobalSection
	GlobalSection(ExtensibilityGlobals) = postSolution
		SolutionGuid = {EFA9BBD6-1D54-4C85-9C32-350737F48FF2}
	EndGlobalSection
EndGlobal
